// !$*UTF8*$!
{
	archiveVersion = 1;
	classes = {
	};
	objectVersion = 46;
	objects = {

/* Begin PBXBuildFile section */
		5D2E50662186DCD12068F4E2 /* Pods.framework in Frameworks */ = {isa = PBXBuildFile; fileRef = 29573A95585982942F33F131 /* Pods.framework */; };
		D5162EAD1CF04CC2008ABE07 /* Enum.m in Sources */ = {isa = PBXBuildFile; fileRef = D5162E921CF04CC2008ABE07 /* Enum.m */; };
		D5162EB01CF04CC2008ABE07 /* LQHTTPSessionManager.m in Sources */ = {isa = PBXBuildFile; fileRef = D5162E981CF04CC2008ABE07 /* LQHTTPSessionManager.m */; };
		D5162EB11CF04CC2008ABE07 /* MD5Str.m in Sources */ = {isa = PBXBuildFile; fileRef = D5162E9A1CF04CC2008ABE07 /* MD5Str.m */; };
		D5162EB21CF04CC2008ABE07 /* UtilString.m in Sources */ = {isa = PBXBuildFile; fileRef = D5162E9C1CF04CC2008ABE07 /* UtilString.m */; };
		D5162ED61CF051E9008ABE07 /* BaseNavigationController.m in Sources */ = {isa = PBXBuildFile; fileRef = D5162EC51CF051E9008ABE07 /* BaseNavigationController.m */; };
		D5162ED71CF051E9008ABE07 /* BaseTableViewController.m in Sources */ = {isa = PBXBuildFile; fileRef = D5162EC71CF051E9008ABE07 /* BaseTableViewController.m */; };
		D5162ED81CF051E9008ABE07 /* ChildBaseViewController.m in Sources */ = {isa = PBXBuildFile; fileRef = D5162EC91CF051E9008ABE07 /* ChildBaseViewController.m */; };
		D5162ED91CF051E9008ABE07 /* MainBaseViewController.m in Sources */ = {isa = PBXBuildFile; fileRef = D5162ECB1CF051E9008ABE07 /* MainBaseViewController.m */; };
		D5162EDA1CF051E9008ABE07 /* BaseModel.m in Sources */ = {isa = PBXBuildFile; fileRef = D5162ECE1CF051E9008ABE07 /* BaseModel.m */; };
		D5162EDB1CF051E9008ABE07 /* ModelFieldError.m in Sources */ = {isa = PBXBuildFile; fileRef = D5162ED01CF051E9008ABE07 /* ModelFieldError.m */; };
		D5162EDC1CF051E9008ABE07 /* BaseTableViewCell.m in Sources */ = {isa = PBXBuildFile; fileRef = D5162ED31CF051E9008ABE07 /* BaseTableViewCell.m */; };
		D5162EDD1CF051E9008ABE07 /* BaseView.m in Sources */ = {isa = PBXBuildFile; fileRef = D5162ED51CF051E9008ABE07 /* BaseView.m */; };
		D5162F501CF05764008ABE07 /* UIImage+Scale.m in Sources */ = {isa = PBXBuildFile; fileRef = D5162F471CF05764008ABE07 /* UIImage+Scale.m */; };
		D5162F511CF05764008ABE07 /* UIView+Extension.m in Sources */ = {isa = PBXBuildFile; fileRef = D5162F491CF05764008ABE07 /* UIView+Extension.m */; };
		D5162F521CF05764008ABE07 /* UIAlertView+LQAlertView.m in Sources */ = {isa = PBXBuildFile; fileRef = D5162F4B1CF05764008ABE07 /* UIAlertView+LQAlertView.m */; };
		D5162F531CF05764008ABE07 /* UIButton+LQCategory.m in Sources */ = {isa = PBXBuildFile; fileRef = D5162F4D1CF05764008ABE07 /* UIButton+LQCategory.m */; };
		D5162F541CF05764008ABE07 /* NSDate+LQCategory.m in Sources */ = {isa = PBXBuildFile; fileRef = D5162F4F1CF05764008ABE07 /* NSDate+LQCategory.m */; };
		D5162F5C1CF05983008ABE07 /* LoginVC.m in Sources */ = {isa = PBXBuildFile; fileRef = D5162F5B1CF05983008ABE07 /* LoginVC.m */; };
		D5162F611CF05AD7008ABE07 /* LCProgressHUD.bundle in Resources */ = {isa = PBXBuildFile; fileRef = D5162F5E1CF05AD7008ABE07 /* LCProgressHUD.bundle */; };
		D550BA2F1CF09D3F00D19EAD /* MainVC.m in Sources */ = {isa = PBXBuildFile; fileRef = D550BA2E1CF09D3F00D19EAD /* MainVC.m */; };
		D550BA321CF0A5AB00D19EAD /* MainVCCell.m in Sources */ = {isa = PBXBuildFile; fileRef = D550BA311CF0A5AB00D19EAD /* MainVCCell.m */; };
		D55116391CF1A93000E42429 /* JXTimeButton.m in Sources */ = {isa = PBXBuildFile; fileRef = D55116381CF1A93000E42429 /* JXTimeButton.m */; };
		D551163C1CF1B4CA00E42429 /* ForgetPasswordVC.m in Sources */ = {isa = PBXBuildFile; fileRef = D551163B1CF1B4CA00E42429 /* ForgetPasswordVC.m */; };
		D551163F1CF1B8A400E42429 /* PersonVC.m in Sources */ = {isa = PBXBuildFile; fileRef = D551163E1CF1B8A400E42429 /* PersonVC.m */; };
		D55116421CF1BAC900E42429 /* LogInCell.m in Sources */ = {isa = PBXBuildFile; fileRef = D55116411CF1BAC900E42429 /* LogInCell.m */; };
		D55116451CF1BDA900E42429 /* PersonVCCell.m in Sources */ = {isa = PBXBuildFile; fileRef = D55116441CF1BDA900E42429 /* PersonVCCell.m */; };
		D55116481CF1C07B00E42429 /* ChangePasswordVC.m in Sources */ = {isa = PBXBuildFile; fileRef = D55116471CF1C07B00E42429 /* ChangePasswordVC.m */; };
		D551164B1CF1C1A100E42429 /* AboutUsVC.m in Sources */ = {isa = PBXBuildFile; fileRef = D551164A1CF1C1A100E42429 /* AboutUsVC.m */; };
		D551164E1CF1C53C00E42429 /* FanKuiVC.m in Sources */ = {isa = PBXBuildFile; fileRef = D551164D1CF1C53C00E42429 /* FanKuiVC.m */; };
		D564987D1D04362000D9C560 /* BaseVM.m in Sources */ = {isa = PBXBuildFile; fileRef = D564987C1D04362000D9C560 /* BaseVM.m */; };
		D56498801D04369700D9C560 /* ZPEncrypt.m in Sources */ = {isa = PBXBuildFile; fileRef = D564987F1D04369700D9C560 /* ZPEncrypt.m */; };
		D56498831D04373A00D9C560 /* ModelMember.m in Sources */ = {isa = PBXBuildFile; fileRef = D56498821D04373A00D9C560 /* ModelMember.m */; };
		D56498861D04592E00D9C560 /* NSString+LQCategory.m in Sources */ = {isa = PBXBuildFile; fileRef = D56498851D04592E00D9C560 /* NSString+LQCategory.m */; };
		D564988C1D04619F00D9C560 /* LCActionSheet.m in Sources */ = {isa = PBXBuildFile; fileRef = D564988B1D04619F00D9C560 /* LCActionSheet.m */; };
		D564988F1D0461AA00D9C560 /* LCProgressHUD.m in Sources */ = {isa = PBXBuildFile; fileRef = D564988E1D0461AA00D9C560 /* LCProgressHUD.m */; };
		D56498951D04653500D9C560 /* ModelHospital.m in Sources */ = {isa = PBXBuildFile; fileRef = D56498941D04653500D9C560 /* ModelHospital.m */; };
		D56498981D04687400D9C560 /* ModelNurse.m in Sources */ = {isa = PBXBuildFile; fileRef = D56498971D04687400D9C560 /* ModelNurse.m */; };
		D564989B1D04692600D9C560 /* ModelDevice.m in Sources */ = {isa = PBXBuildFile; fileRef = D564989A1D04692600D9C560 /* ModelDevice.m */; };
		D564989E1D046D7500D9C560 /* ModelDeviceAndNurse.m in Sources */ = {isa = PBXBuildFile; fileRef = D564989D1D046D7500D9C560 /* ModelDeviceAndNurse.m */; };
		D56498A11D046E8F00D9C560 /* ModelDeviceListChild.m in Sources */ = {isa = PBXBuildFile; fileRef = D56498A01D046E8F00D9C560 /* ModelDeviceListChild.m */; };
		D597AA211CEDF85E00965D8C /* main.m in Sources */ = {isa = PBXBuildFile; fileRef = D597AA201CEDF85E00965D8C /* main.m */; };
		D597AA241CEDF85E00965D8C /* AppDelegate.m in Sources */ = {isa = PBXBuildFile; fileRef = D597AA231CEDF85E00965D8C /* AppDelegate.m */; };
		D597AA2A1CEDF85E00965D8C /* Main.storyboard in Resources */ = {isa = PBXBuildFile; fileRef = D597AA281CEDF85E00965D8C /* Main.storyboard */; };
		D597AA2D1CEDF85E00965D8C /* _____.xcdatamodeld in Sources */ = {isa = PBXBuildFile; fileRef = D597AA2B1CEDF85E00965D8C /* _____.xcdatamodeld */; };
		D597AA2F1CEDF85E00965D8C /* Assets.xcassets in Resources */ = {isa = PBXBuildFile; fileRef = D597AA2E1CEDF85E00965D8C /* Assets.xcassets */; };
		D597AA321CEDF85E00965D8C /* LaunchScreen.storyboard in Resources */ = {isa = PBXBuildFile; fileRef = D597AA301CEDF85E00965D8C /* LaunchScreen.storyboard */; };
		D59B396E1CF6D6C5008DB8A6 /* LanInfoVC.m in Sources */ = {isa = PBXBuildFile; fileRef = D59B396D1CF6D6C5008DB8A6 /* LanInfoVC.m */; };
		D59B39711CF6D7A6008DB8A6 /* LanInfoCell1.m in Sources */ = {isa = PBXBuildFile; fileRef = D59B39701CF6D7A6008DB8A6 /* LanInfoCell1.m */; };
		D59B39741CF6D7B4008DB8A6 /* LanInfoCell2.m in Sources */ = {isa = PBXBuildFile; fileRef = D59B39731CF6D7B4008DB8A6 /* LanInfoCell2.m */; };
		D59B39771CF6D7C0008DB8A6 /* LanInfoCell3.m in Sources */ = {isa = PBXBuildFile; fileRef = D59B39761CF6D7C0008DB8A6 /* LanInfoCell3.m */; };
		D5B2CB381CF46E40001B40A2 /* PersonInfoVC.m in Sources */ = {isa = PBXBuildFile; fileRef = D5B2CB371CF46E40001B40A2 /* PersonInfoVC.m */; };
		D5B2CB3B1CF46FFE001B40A2 /* ChangeIconCell.m in Sources */ = {isa = PBXBuildFile; fileRef = D5B2CB3A1CF46FFE001B40A2 /* ChangeIconCell.m */; };
		D5B2CB3E1CF471CD001B40A2 /* PerfonInfoCell.m in Sources */ = {isa = PBXBuildFile; fileRef = D5B2CB3D1CF471CD001B40A2 /* PerfonInfoCell.m */; };
		D5B2CB411CF472E7001B40A2 /* PerfonInfoCell2.m in Sources */ = {isa = PBXBuildFile; fileRef = D5B2CB401CF472E7001B40A2 /* PerfonInfoCell2.m */; };
		D5B2CB461CF474E8001B40A2 /* LCActionSheet.bundle in Resources */ = {isa = PBXBuildFile; fileRef = D5B2CB431CF474E8001B40A2 /* LCActionSheet.bundle */; };
		D5B2CB571CF47566001B40A2 /* CGGeometry+RSKImageCropper.m in Sources */ = {isa = PBXBuildFile; fileRef = D5B2CB4A1CF47566001B40A2 /* CGGeometry+RSKImageCropper.m */; };
		D5B2CB581CF47566001B40A2 /* RSKImageCropViewController.m in Sources */ = {isa = PBXBuildFile; fileRef = D5B2CB4E1CF47566001B40A2 /* RSKImageCropViewController.m */; };
		D5B2CB591CF47566001B40A2 /* RSKImageScrollView.m in Sources */ = {isa = PBXBuildFile; fileRef = D5B2CB501CF47566001B40A2 /* RSKImageScrollView.m */; };
		D5B2CB5A1CF47566001B40A2 /* RSKTouchView.m in Sources */ = {isa = PBXBuildFile; fileRef = D5B2CB521CF47566001B40A2 /* RSKTouchView.m */; };
		D5B2CB5B1CF47566001B40A2 /* UIApplication+RSKImageCropper.m in Sources */ = {isa = PBXBuildFile; fileRef = D5B2CB541CF47566001B40A2 /* UIApplication+RSKImageCropper.m */; };
		D5B2CB5C1CF47566001B40A2 /* UIImage+RSKImageCropper.m in Sources */ = {isa = PBXBuildFile; fileRef = D5B2CB561CF47566001B40A2 /* UIImage+RSKImageCropper.m */; };
		D5E95BD91D07171E006C11A5 /* AudioToolbox.framework in Frameworks */ = {isa = PBXBuildFile; fileRef = D5E95BD81D07171E006C11A5 /* AudioToolbox.framework */; };
		D5E95BDC1D07176A006C11A5 /* SerialGATT.m in Sources */ = {isa = PBXBuildFile; fileRef = D5E95BDA1D07176A006C11A5 /* SerialGATT.m */; };
		D5E95BEB1D07F491006C11A5 /* NSData+LQCategory.m in Sources */ = {isa = PBXBuildFile; fileRef = D5E95BEA1D07F491006C11A5 /* NSData+LQCategory.m */; };
/* End PBXBuildFile section */

/* Begin PBXFileReference section */
		118BF797FC4BA89DC0E58136 /* Pods.release.xcconfig */ = {isa = PBXFileReference; includeInIndex = 1; lastKnownFileType = text.xcconfig; name = Pods.release.xcconfig; path = "Pods/Target Support Files/Pods/Pods.release.xcconfig"; sourceTree = "<group>"; };
		29573A95585982942F33F131 /* Pods.framework */ = {isa = PBXFileReference; explicitFileType = wrapper.framework; includeInIndex = 0; path = Pods.framework; sourceTree = BUILT_PRODUCTS_DIR; };
		D5162E911CF04CC2008ABE07 /* Enum.h */ = {isa = PBXFileReference; fileEncoding = 4; lastKnownFileType = sourcecode.c.h; path = Enum.h; sourceTree = "<group>"; };
		D5162E921CF04CC2008ABE07 /* Enum.m */ = {isa = PBXFileReference; fileEncoding = 4; lastKnownFileType = sourcecode.c.objc; path = Enum.m; sourceTree = "<group>"; };
		D5162E971CF04CC2008ABE07 /* LQHTTPSessionManager.h */ = {isa = PBXFileReference; fileEncoding = 4; lastKnownFileType = sourcecode.c.h; path = LQHTTPSessionManager.h; sourceTree = "<group>"; };
		D5162E981CF04CC2008ABE07 /* LQHTTPSessionManager.m */ = {isa = PBXFileReference; fileEncoding = 4; lastKnownFileType = sourcecode.c.objc; path = LQHTTPSessionManager.m; sourceTree = "<group>"; };
		D5162E991CF04CC2008ABE07 /* MD5Str.h */ = {isa = PBXFileReference; fileEncoding = 4; lastKnownFileType = sourcecode.c.h; path = MD5Str.h; sourceTree = "<group>"; };
		D5162E9A1CF04CC2008ABE07 /* MD5Str.m */ = {isa = PBXFileReference; fileEncoding = 4; lastKnownFileType = sourcecode.c.objc; path = MD5Str.m; sourceTree = "<group>"; };
		D5162E9B1CF04CC2008ABE07 /* UtilString.h */ = {isa = PBXFileReference; fileEncoding = 4; lastKnownFileType = sourcecode.c.h; path = UtilString.h; sourceTree = "<group>"; };
		D5162E9C1CF04CC2008ABE07 /* UtilString.m */ = {isa = PBXFileReference; fileEncoding = 4; lastKnownFileType = sourcecode.c.objc; path = UtilString.m; sourceTree = "<group>"; };
		D5162E9E1CF04CC2008ABE07 /* Config.h */ = {isa = PBXFileReference; fileEncoding = 4; lastKnownFileType = sourcecode.c.h; path = Config.h; sourceTree = "<group>"; };
		D5162E9F1CF04CC2008ABE07 /* ConstantLogger.h */ = {isa = PBXFileReference; fileEncoding = 4; lastKnownFileType = sourcecode.c.h; path = ConstantLogger.h; sourceTree = "<group>"; };
		D5162EA01CF04CC2008ABE07 /* GloabalDefines.h */ = {isa = PBXFileReference; fileEncoding = 4; lastKnownFileType = sourcecode.c.h; path = GloabalDefines.h; sourceTree = "<group>"; };
		D5162EC41CF051E9008ABE07 /* BaseNavigationController.h */ = {isa = PBXFileReference; fileEncoding = 4; lastKnownFileType = sourcecode.c.h; path = BaseNavigationController.h; sourceTree = "<group>"; };
		D5162EC51CF051E9008ABE07 /* BaseNavigationController.m */ = {isa = PBXFileReference; fileEncoding = 4; lastKnownFileType = sourcecode.c.objc; path = BaseNavigationController.m; sourceTree = "<group>"; };
		D5162EC61CF051E9008ABE07 /* BaseTableViewController.h */ = {isa = PBXFileReference; fileEncoding = 4; lastKnownFileType = sourcecode.c.h; path = BaseTableViewController.h; sourceTree = "<group>"; };
		D5162EC71CF051E9008ABE07 /* BaseTableViewController.m */ = {isa = PBXFileReference; fileEncoding = 4; lastKnownFileType = sourcecode.c.objc; path = BaseTableViewController.m; sourceTree = "<group>"; };
		D5162EC81CF051E9008ABE07 /* ChildBaseViewController.h */ = {isa = PBXFileReference; fileEncoding = 4; lastKnownFileType = sourcecode.c.h; path = ChildBaseViewController.h; sourceTree = "<group>"; };
		D5162EC91CF051E9008ABE07 /* ChildBaseViewController.m */ = {isa = PBXFileReference; fileEncoding = 4; lastKnownFileType = sourcecode.c.objc; path = ChildBaseViewController.m; sourceTree = "<group>"; };
		D5162ECA1CF051E9008ABE07 /* MainBaseViewController.h */ = {isa = PBXFileReference; fileEncoding = 4; lastKnownFileType = sourcecode.c.h; path = MainBaseViewController.h; sourceTree = "<group>"; };
		D5162ECB1CF051E9008ABE07 /* MainBaseViewController.m */ = {isa = PBXFileReference; fileEncoding = 4; lastKnownFileType = sourcecode.c.objc; path = MainBaseViewController.m; sourceTree = "<group>"; };
		D5162ECD1CF051E9008ABE07 /* BaseModel.h */ = {isa = PBXFileReference; fileEncoding = 4; lastKnownFileType = sourcecode.c.h; path = BaseModel.h; sourceTree = "<group>"; };
		D5162ECE1CF051E9008ABE07 /* BaseModel.m */ = {isa = PBXFileReference; fileEncoding = 4; lastKnownFileType = sourcecode.c.objc; path = BaseModel.m; sourceTree = "<group>"; };
		D5162ECF1CF051E9008ABE07 /* ModelFieldError.h */ = {isa = PBXFileReference; fileEncoding = 4; lastKnownFileType = sourcecode.c.h; path = ModelFieldError.h; sourceTree = "<group>"; };
		D5162ED01CF051E9008ABE07 /* ModelFieldError.m */ = {isa = PBXFileReference; fileEncoding = 4; lastKnownFileType = sourcecode.c.objc; path = ModelFieldError.m; sourceTree = "<group>"; };
		D5162ED21CF051E9008ABE07 /* BaseTableViewCell.h */ = {isa = PBXFileReference; fileEncoding = 4; lastKnownFileType = sourcecode.c.h; path = BaseTableViewCell.h; sourceTree = "<group>"; };
		D5162ED31CF051E9008ABE07 /* BaseTableViewCell.m */ = {isa = PBXFileReference; fileEncoding = 4; lastKnownFileType = sourcecode.c.objc; path = BaseTableViewCell.m; sourceTree = "<group>"; };
		D5162ED41CF051E9008ABE07 /* BaseView.h */ = {isa = PBXFileReference; fileEncoding = 4; lastKnownFileType = sourcecode.c.h; path = BaseView.h; sourceTree = "<group>"; };
		D5162ED51CF051E9008ABE07 /* BaseView.m */ = {isa = PBXFileReference; fileEncoding = 4; lastKnownFileType = sourcecode.c.objc; path = BaseView.m; sourceTree = "<group>"; };
		D5162EDE1CF05211008ABE07 /* PrefixHeader.pch */ = {isa = PBXFileReference; fileEncoding = 4; lastKnownFileType = sourcecode.c.h; path = PrefixHeader.pch; sourceTree = "<group>"; };
		D5162F461CF05764008ABE07 /* UIImage+Scale.h */ = {isa = PBXFileReference; fileEncoding = 4; lastKnownFileType = sourcecode.c.h; path = "UIImage+Scale.h"; sourceTree = "<group>"; };
		D5162F471CF05764008ABE07 /* UIImage+Scale.m */ = {isa = PBXFileReference; fileEncoding = 4; lastKnownFileType = sourcecode.c.objc; path = "UIImage+Scale.m"; sourceTree = "<group>"; };
		D5162F481CF05764008ABE07 /* UIView+Extension.h */ = {isa = PBXFileReference; fileEncoding = 4; lastKnownFileType = sourcecode.c.h; path = "UIView+Extension.h"; sourceTree = "<group>"; };
		D5162F491CF05764008ABE07 /* UIView+Extension.m */ = {isa = PBXFileReference; fileEncoding = 4; lastKnownFileType = sourcecode.c.objc; path = "UIView+Extension.m"; sourceTree = "<group>"; };
		D5162F4A1CF05764008ABE07 /* UIAlertView+LQAlertView.h */ = {isa = PBXFileReference; fileEncoding = 4; lastKnownFileType = sourcecode.c.h; path = "UIAlertView+LQAlertView.h"; sourceTree = "<group>"; };
		D5162F4B1CF05764008ABE07 /* UIAlertView+LQAlertView.m */ = {isa = PBXFileReference; fileEncoding = 4; lastKnownFileType = sourcecode.c.objc; path = "UIAlertView+LQAlertView.m"; sourceTree = "<group>"; };
		D5162F4C1CF05764008ABE07 /* UIButton+LQCategory.h */ = {isa = PBXFileReference; fileEncoding = 4; lastKnownFileType = sourcecode.c.h; path = "UIButton+LQCategory.h"; sourceTree = "<group>"; };
		D5162F4D1CF05764008ABE07 /* UIButton+LQCategory.m */ = {isa = PBXFileReference; fileEncoding = 4; lastKnownFileType = sourcecode.c.objc; path = "UIButton+LQCategory.m"; sourceTree = "<group>"; };
		D5162F4E1CF05764008ABE07 /* NSDate+LQCategory.h */ = {isa = PBXFileReference; fileEncoding = 4; lastKnownFileType = sourcecode.c.h; path = "NSDate+LQCategory.h"; sourceTree = "<group>"; };
		D5162F4F1CF05764008ABE07 /* NSDate+LQCategory.m */ = {isa = PBXFileReference; fileEncoding = 4; lastKnownFileType = sourcecode.c.objc; path = "NSDate+LQCategory.m"; sourceTree = "<group>"; };
		D5162F5A1CF05983008ABE07 /* LoginVC.h */ = {isa = PBXFileReference; fileEncoding = 4; lastKnownFileType = sourcecode.c.h; path = LoginVC.h; sourceTree = "<group>"; };
		D5162F5B1CF05983008ABE07 /* LoginVC.m */ = {isa = PBXFileReference; fileEncoding = 4; lastKnownFileType = sourcecode.c.objc; path = LoginVC.m; sourceTree = "<group>"; };
		D5162F5E1CF05AD7008ABE07 /* LCProgressHUD.bundle */ = {isa = PBXFileReference; lastKnownFileType = "wrapper.plug-in"; path = LCProgressHUD.bundle; sourceTree = "<group>"; };
		D550BA2D1CF09D3F00D19EAD /* MainVC.h */ = {isa = PBXFileReference; fileEncoding = 4; lastKnownFileType = sourcecode.c.h; path = MainVC.h; sourceTree = "<group>"; };
		D550BA2E1CF09D3F00D19EAD /* MainVC.m */ = {isa = PBXFileReference; fileEncoding = 4; lastKnownFileType = sourcecode.c.objc; path = MainVC.m; sourceTree = "<group>"; };
		D550BA301CF0A5AB00D19EAD /* MainVCCell.h */ = {isa = PBXFileReference; fileEncoding = 4; lastKnownFileType = sourcecode.c.h; path = MainVCCell.h; sourceTree = "<group>"; };
		D550BA311CF0A5AB00D19EAD /* MainVCCell.m */ = {isa = PBXFileReference; fileEncoding = 4; lastKnownFileType = sourcecode.c.objc; path = MainVCCell.m; sourceTree = "<group>"; };
		D55116371CF1A93000E42429 /* JXTimeButton.h */ = {isa = PBXFileReference; fileEncoding = 4; lastKnownFileType = sourcecode.c.h; path = JXTimeButton.h; sourceTree = "<group>"; };
		D55116381CF1A93000E42429 /* JXTimeButton.m */ = {isa = PBXFileReference; fileEncoding = 4; lastKnownFileType = sourcecode.c.objc; path = JXTimeButton.m; sourceTree = "<group>"; };
		D551163A1CF1B4CA00E42429 /* ForgetPasswordVC.h */ = {isa = PBXFileReference; fileEncoding = 4; lastKnownFileType = sourcecode.c.h; path = ForgetPasswordVC.h; sourceTree = "<group>"; };
		D551163B1CF1B4CA00E42429 /* ForgetPasswordVC.m */ = {isa = PBXFileReference; fileEncoding = 4; lastKnownFileType = sourcecode.c.objc; path = ForgetPasswordVC.m; sourceTree = "<group>"; };
		D551163D1CF1B8A400E42429 /* PersonVC.h */ = {isa = PBXFileReference; fileEncoding = 4; lastKnownFileType = sourcecode.c.h; path = PersonVC.h; sourceTree = "<group>"; };
		D551163E1CF1B8A400E42429 /* PersonVC.m */ = {isa = PBXFileReference; fileEncoding = 4; lastKnownFileType = sourcecode.c.objc; path = PersonVC.m; sourceTree = "<group>"; };
		D55116401CF1BAC900E42429 /* LogInCell.h */ = {isa = PBXFileReference; fileEncoding = 4; lastKnownFileType = sourcecode.c.h; path = LogInCell.h; sourceTree = "<group>"; };
		D55116411CF1BAC900E42429 /* LogInCell.m */ = {isa = PBXFileReference; fileEncoding = 4; lastKnownFileType = sourcecode.c.objc; path = LogInCell.m; sourceTree = "<group>"; };
		D55116431CF1BDA900E42429 /* PersonVCCell.h */ = {isa = PBXFileReference; fileEncoding = 4; lastKnownFileType = sourcecode.c.h; path = PersonVCCell.h; sourceTree = "<group>"; };
		D55116441CF1BDA900E42429 /* PersonVCCell.m */ = {isa = PBXFileReference; fileEncoding = 4; lastKnownFileType = sourcecode.c.objc; path = PersonVCCell.m; sourceTree = "<group>"; };
		D55116461CF1C07B00E42429 /* ChangePasswordVC.h */ = {isa = PBXFileReference; fileEncoding = 4; lastKnownFileType = sourcecode.c.h; path = ChangePasswordVC.h; sourceTree = "<group>"; };
		D55116471CF1C07B00E42429 /* ChangePasswordVC.m */ = {isa = PBXFileReference; fileEncoding = 4; lastKnownFileType = sourcecode.c.objc; path = ChangePasswordVC.m; sourceTree = "<group>"; };
		D55116491CF1C1A100E42429 /* AboutUsVC.h */ = {isa = PBXFileReference; fileEncoding = 4; lastKnownFileType = sourcecode.c.h; path = AboutUsVC.h; sourceTree = "<group>"; };
		D551164A1CF1C1A100E42429 /* AboutUsVC.m */ = {isa = PBXFileReference; fileEncoding = 4; lastKnownFileType = sourcecode.c.objc; path = AboutUsVC.m; sourceTree = "<group>"; };
		D551164C1CF1C53C00E42429 /* FanKuiVC.h */ = {isa = PBXFileReference; fileEncoding = 4; lastKnownFileType = sourcecode.c.h; path = FanKuiVC.h; sourceTree = "<group>"; };
		D551164D1CF1C53C00E42429 /* FanKuiVC.m */ = {isa = PBXFileReference; fileEncoding = 4; lastKnownFileType = sourcecode.c.objc; path = FanKuiVC.m; sourceTree = "<group>"; };
		D564987B1D04362000D9C560 /* BaseVM.h */ = {isa = PBXFileReference; fileEncoding = 4; lastKnownFileType = sourcecode.c.h; path = BaseVM.h; sourceTree = "<group>"; };
		D564987C1D04362000D9C560 /* BaseVM.m */ = {isa = PBXFileReference; fileEncoding = 4; lastKnownFileType = sourcecode.c.objc; path = BaseVM.m; sourceTree = "<group>"; };
		D564987E1D04369700D9C560 /* ZPEncrypt.h */ = {isa = PBXFileReference; fileEncoding = 4; lastKnownFileType = sourcecode.c.h; path = ZPEncrypt.h; sourceTree = "<group>"; };
		D564987F1D04369700D9C560 /* ZPEncrypt.m */ = {isa = PBXFileReference; fileEncoding = 4; lastKnownFileType = sourcecode.c.objc; path = ZPEncrypt.m; sourceTree = "<group>"; };
		D56498811D04373A00D9C560 /* ModelMember.h */ = {isa = PBXFileReference; fileEncoding = 4; lastKnownFileType = sourcecode.c.h; path = ModelMember.h; sourceTree = "<group>"; };
		D56498821D04373A00D9C560 /* ModelMember.m */ = {isa = PBXFileReference; fileEncoding = 4; lastKnownFileType = sourcecode.c.objc; path = ModelMember.m; sourceTree = "<group>"; };
		D56498841D04592E00D9C560 /* NSString+LQCategory.h */ = {isa = PBXFileReference; fileEncoding = 4; lastKnownFileType = sourcecode.c.h; path = "NSString+LQCategory.h"; sourceTree = "<group>"; };
		D56498851D04592E00D9C560 /* NSString+LQCategory.m */ = {isa = PBXFileReference; fileEncoding = 4; lastKnownFileType = sourcecode.c.objc; path = "NSString+LQCategory.m"; sourceTree = "<group>"; };
		D564988A1D04619F00D9C560 /* LCActionSheet.h */ = {isa = PBXFileReference; fileEncoding = 4; lastKnownFileType = sourcecode.c.h; path = LCActionSheet.h; sourceTree = "<group>"; };
		D564988B1D04619F00D9C560 /* LCActionSheet.m */ = {isa = PBXFileReference; fileEncoding = 4; lastKnownFileType = sourcecode.c.objc; path = LCActionSheet.m; sourceTree = "<group>"; };
		D564988D1D0461AA00D9C560 /* LCProgressHUD.h */ = {isa = PBXFileReference; fileEncoding = 4; lastKnownFileType = sourcecode.c.h; path = LCProgressHUD.h; sourceTree = "<group>"; };
		D564988E1D0461AA00D9C560 /* LCProgressHUD.m */ = {isa = PBXFileReference; fileEncoding = 4; lastKnownFileType = sourcecode.c.objc; path = LCProgressHUD.m; sourceTree = "<group>"; };
		D56498931D04653500D9C560 /* ModelHospital.h */ = {isa = PBXFileReference; fileEncoding = 4; lastKnownFileType = sourcecode.c.h; name = ModelHospital.h; path = "../../个人中心/M/ModelHospital.h"; sourceTree = "<group>"; };
		D56498941D04653500D9C560 /* ModelHospital.m */ = {isa = PBXFileReference; fileEncoding = 4; lastKnownFileType = sourcecode.c.objc; name = ModelHospital.m; path = "../../个人中心/M/ModelHospital.m"; sourceTree = "<group>"; };
		D56498961D04687400D9C560 /* ModelNurse.h */ = {isa = PBXFileReference; fileEncoding = 4; lastKnownFileType = sourcecode.c.h; path = ModelNurse.h; sourceTree = "<group>"; };
		D56498971D04687400D9C560 /* ModelNurse.m */ = {isa = PBXFileReference; fileEncoding = 4; lastKnownFileType = sourcecode.c.objc; path = ModelNurse.m; sourceTree = "<group>"; };
		D56498991D04692600D9C560 /* ModelDevice.h */ = {isa = PBXFileReference; fileEncoding = 4; lastKnownFileType = sourcecode.c.h; path = ModelDevice.h; sourceTree = "<group>"; };
		D564989A1D04692600D9C560 /* ModelDevice.m */ = {isa = PBXFileReference; fileEncoding = 4; lastKnownFileType = sourcecode.c.objc; path = ModelDevice.m; sourceTree = "<group>"; };
		D564989C1D046D7500D9C560 /* ModelDeviceAndNurse.h */ = {isa = PBXFileReference; fileEncoding = 4; lastKnownFileType = sourcecode.c.h; path = ModelDeviceAndNurse.h; sourceTree = "<group>"; };
		D564989D1D046D7500D9C560 /* ModelDeviceAndNurse.m */ = {isa = PBXFileReference; fileEncoding = 4; lastKnownFileType = sourcecode.c.objc; path = ModelDeviceAndNurse.m; sourceTree = "<group>"; };
		D564989F1D046E8F00D9C560 /* ModelDeviceListChild.h */ = {isa = PBXFileReference; fileEncoding = 4; lastKnownFileType = sourcecode.c.h; path = ModelDeviceListChild.h; sourceTree = "<group>"; };
		D56498A01D046E8F00D9C560 /* ModelDeviceListChild.m */ = {isa = PBXFileReference; fileEncoding = 4; lastKnownFileType = sourcecode.c.objc; path = ModelDeviceListChild.m; sourceTree = "<group>"; };
		D597AA1C1CEDF85E00965D8C /* 蓝牙机器人.app */ = {isa = PBXFileReference; explicitFileType = wrapper.application; includeInIndex = 0; path = "蓝牙机器人.app"; sourceTree = BUILT_PRODUCTS_DIR; };
		D597AA201CEDF85E00965D8C /* main.m */ = {isa = PBXFileReference; lastKnownFileType = sourcecode.c.objc; path = main.m; sourceTree = "<group>"; };
		D597AA221CEDF85E00965D8C /* AppDelegate.h */ = {isa = PBXFileReference; lastKnownFileType = sourcecode.c.h; path = AppDelegate.h; sourceTree = "<group>"; };
		D597AA231CEDF85E00965D8C /* AppDelegate.m */ = {isa = PBXFileReference; lastKnownFileType = sourcecode.c.objc; path = AppDelegate.m; sourceTree = "<group>"; };
		D597AA291CEDF85E00965D8C /* Base */ = {isa = PBXFileReference; lastKnownFileType = file.storyboard; name = Base; path = Base.lproj/Main.storyboard; sourceTree = "<group>"; };
		D597AA2C1CEDF85E00965D8C /* _____.xcdatamodel */ = {isa = PBXFileReference; lastKnownFileType = wrapper.xcdatamodel; path = "_____.xcdatamodel"; sourceTree = "<group>"; };
		D597AA2E1CEDF85E00965D8C /* Assets.xcassets */ = {isa = PBXFileReference; lastKnownFileType = folder.assetcatalog; path = Assets.xcassets; sourceTree = "<group>"; };
		D597AA311CEDF85E00965D8C /* Base */ = {isa = PBXFileReference; lastKnownFileType = file.storyboard; name = Base; path = Base.lproj/LaunchScreen.storyboard; sourceTree = "<group>"; };
		D597AA331CEDF85E00965D8C /* Info.plist */ = {isa = PBXFileReference; lastKnownFileType = text.plist.xml; path = Info.plist; sourceTree = "<group>"; };
		D59B396C1CF6D6C5008DB8A6 /* LanInfoVC.h */ = {isa = PBXFileReference; fileEncoding = 4; lastKnownFileType = sourcecode.c.h; path = LanInfoVC.h; sourceTree = "<group>"; };
		D59B396D1CF6D6C5008DB8A6 /* LanInfoVC.m */ = {isa = PBXFileReference; fileEncoding = 4; lastKnownFileType = sourcecode.c.objc; path = LanInfoVC.m; sourceTree = "<group>"; };
		D59B396F1CF6D7A6008DB8A6 /* LanInfoCell1.h */ = {isa = PBXFileReference; fileEncoding = 4; lastKnownFileType = sourcecode.c.h; path = LanInfoCell1.h; sourceTree = "<group>"; };
		D59B39701CF6D7A6008DB8A6 /* LanInfoCell1.m */ = {isa = PBXFileReference; fileEncoding = 4; lastKnownFileType = sourcecode.c.objc; path = LanInfoCell1.m; sourceTree = "<group>"; };
		D59B39721CF6D7B4008DB8A6 /* LanInfoCell2.h */ = {isa = PBXFileReference; fileEncoding = 4; lastKnownFileType = sourcecode.c.h; path = LanInfoCell2.h; sourceTree = "<group>"; };
		D59B39731CF6D7B4008DB8A6 /* LanInfoCell2.m */ = {isa = PBXFileReference; fileEncoding = 4; lastKnownFileType = sourcecode.c.objc; path = LanInfoCell2.m; sourceTree = "<group>"; };
		D59B39751CF6D7C0008DB8A6 /* LanInfoCell3.h */ = {isa = PBXFileReference; fileEncoding = 4; lastKnownFileType = sourcecode.c.h; path = LanInfoCell3.h; sourceTree = "<group>"; };
		D59B39761CF6D7C0008DB8A6 /* LanInfoCell3.m */ = {isa = PBXFileReference; fileEncoding = 4; lastKnownFileType = sourcecode.c.objc; path = LanInfoCell3.m; sourceTree = "<group>"; };
		D5B2CB361CF46E40001B40A2 /* PersonInfoVC.h */ = {isa = PBXFileReference; fileEncoding = 4; lastKnownFileType = sourcecode.c.h; path = PersonInfoVC.h; sourceTree = "<group>"; };
		D5B2CB371CF46E40001B40A2 /* PersonInfoVC.m */ = {isa = PBXFileReference; fileEncoding = 4; lastKnownFileType = sourcecode.c.objc; path = PersonInfoVC.m; sourceTree = "<group>"; };
		D5B2CB391CF46FFE001B40A2 /* ChangeIconCell.h */ = {isa = PBXFileReference; fileEncoding = 4; lastKnownFileType = sourcecode.c.h; path = ChangeIconCell.h; sourceTree = "<group>"; };
		D5B2CB3A1CF46FFE001B40A2 /* ChangeIconCell.m */ = {isa = PBXFileReference; fileEncoding = 4; lastKnownFileType = sourcecode.c.objc; path = ChangeIconCell.m; sourceTree = "<group>"; };
		D5B2CB3C1CF471CD001B40A2 /* PerfonInfoCell.h */ = {isa = PBXFileReference; fileEncoding = 4; lastKnownFileType = sourcecode.c.h; path = PerfonInfoCell.h; sourceTree = "<group>"; };
		D5B2CB3D1CF471CD001B40A2 /* PerfonInfoCell.m */ = {isa = PBXFileReference; fileEncoding = 4; lastKnownFileType = sourcecode.c.objc; path = PerfonInfoCell.m; sourceTree = "<group>"; };
		D5B2CB3F1CF472E7001B40A2 /* PerfonInfoCell2.h */ = {isa = PBXFileReference; fileEncoding = 4; lastKnownFileType = sourcecode.c.h; path = PerfonInfoCell2.h; sourceTree = "<group>"; };
		D5B2CB401CF472E7001B40A2 /* PerfonInfoCell2.m */ = {isa = PBXFileReference; fileEncoding = 4; lastKnownFileType = sourcecode.c.objc; path = PerfonInfoCell2.m; sourceTree = "<group>"; };
		D5B2CB431CF474E8001B40A2 /* LCActionSheet.bundle */ = {isa = PBXFileReference; lastKnownFileType = "wrapper.plug-in"; path = LCActionSheet.bundle; sourceTree = "<group>"; };
		D5B2CB491CF47566001B40A2 /* CGGeometry+RSKImageCropper.h */ = {isa = PBXFileReference; fileEncoding = 4; lastKnownFileType = sourcecode.c.h; path = "CGGeometry+RSKImageCropper.h"; sourceTree = "<group>"; };
		D5B2CB4A1CF47566001B40A2 /* CGGeometry+RSKImageCropper.m */ = {isa = PBXFileReference; fileEncoding = 4; lastKnownFileType = sourcecode.c.objc; path = "CGGeometry+RSKImageCropper.m"; sourceTree = "<group>"; };
		D5B2CB4B1CF47566001B40A2 /* RSKImageCropper.h */ = {isa = PBXFileReference; fileEncoding = 4; lastKnownFileType = sourcecode.c.h; path = RSKImageCropper.h; sourceTree = "<group>"; };
		D5B2CB4C1CF47566001B40A2 /* RSKImageCropViewController+Protected.h */ = {isa = PBXFileReference; fileEncoding = 4; lastKnownFileType = sourcecode.c.h; path = "RSKImageCropViewController+Protected.h"; sourceTree = "<group>"; };
		D5B2CB4D1CF47566001B40A2 /* RSKImageCropViewController.h */ = {isa = PBXFileReference; fileEncoding = 4; lastKnownFileType = sourcecode.c.h; path = RSKImageCropViewController.h; sourceTree = "<group>"; };
		D5B2CB4E1CF47566001B40A2 /* RSKImageCropViewController.m */ = {isa = PBXFileReference; fileEncoding = 4; lastKnownFileType = sourcecode.c.objc; path = RSKImageCropViewController.m; sourceTree = "<group>"; };
		D5B2CB4F1CF47566001B40A2 /* RSKImageScrollView.h */ = {isa = PBXFileReference; fileEncoding = 4; lastKnownFileType = sourcecode.c.h; path = RSKImageScrollView.h; sourceTree = "<group>"; };
		D5B2CB501CF47566001B40A2 /* RSKImageScrollView.m */ = {isa = PBXFileReference; fileEncoding = 4; lastKnownFileType = sourcecode.c.objc; path = RSKImageScrollView.m; sourceTree = "<group>"; };
		D5B2CB511CF47566001B40A2 /* RSKTouchView.h */ = {isa = PBXFileReference; fileEncoding = 4; lastKnownFileType = sourcecode.c.h; path = RSKTouchView.h; sourceTree = "<group>"; };
		D5B2CB521CF47566001B40A2 /* RSKTouchView.m */ = {isa = PBXFileReference; fileEncoding = 4; lastKnownFileType = sourcecode.c.objc; path = RSKTouchView.m; sourceTree = "<group>"; };
		D5B2CB531CF47566001B40A2 /* UIApplication+RSKImageCropper.h */ = {isa = PBXFileReference; fileEncoding = 4; lastKnownFileType = sourcecode.c.h; path = "UIApplication+RSKImageCropper.h"; sourceTree = "<group>"; };
		D5B2CB541CF47566001B40A2 /* UIApplication+RSKImageCropper.m */ = {isa = PBXFileReference; fileEncoding = 4; lastKnownFileType = sourcecode.c.objc; path = "UIApplication+RSKImageCropper.m"; sourceTree = "<group>"; };
		D5B2CB551CF47566001B40A2 /* UIImage+RSKImageCropper.h */ = {isa = PBXFileReference; fileEncoding = 4; lastKnownFileType = sourcecode.c.h; path = "UIImage+RSKImageCropper.h"; sourceTree = "<group>"; };
		D5B2CB561CF47566001B40A2 /* UIImage+RSKImageCropper.m */ = {isa = PBXFileReference; fileEncoding = 4; lastKnownFileType = sourcecode.c.objc; path = "UIImage+RSKImageCropper.m"; sourceTree = "<group>"; };
		D5E95BD81D07171E006C11A5 /* AudioToolbox.framework */ = {isa = PBXFileReference; lastKnownFileType = wrapper.framework; name = AudioToolbox.framework; path = System/Library/Frameworks/AudioToolbox.framework; sourceTree = SDKROOT; };
		D5E95BDA1D07176A006C11A5 /* SerialGATT.m */ = {isa = PBXFileReference; fileEncoding = 4; lastKnownFileType = sourcecode.c.objc; path = SerialGATT.m; sourceTree = "<group>"; };
		D5E95BDB1D07176A006C11A5 /* SerialGATT.h */ = {isa = PBXFileReference; fileEncoding = 4; lastKnownFileType = sourcecode.c.h; path = SerialGATT.h; sourceTree = "<group>"; };
		D5E95BE91D07F491006C11A5 /* NSData+LQCategory.h */ = {isa = PBXFileReference; fileEncoding = 4; lastKnownFileType = sourcecode.c.h; path = "NSData+LQCategory.h"; sourceTree = "<group>"; };
		D5E95BEA1D07F491006C11A5 /* NSData+LQCategory.m */ = {isa = PBXFileReference; fileEncoding = 4; lastKnownFileType = sourcecode.c.objc; path = "NSData+LQCategory.m"; sourceTree = "<group>"; };
		F9E4718A0D905EA22137546C /* Pods.debug.xcconfig */ = {isa = PBXFileReference; includeInIndex = 1; lastKnownFileType = text.xcconfig; name = Pods.debug.xcconfig; path = "Pods/Target Support Files/Pods/Pods.debug.xcconfig"; sourceTree = "<group>"; };
/* End PBXFileReference section */

/* Begin PBXFrameworksBuildPhase section */
		D597AA191CEDF85E00965D8C /* Frameworks */ = {
			isa = PBXFrameworksBuildPhase;
			buildActionMask = 2147483647;
			files = (
				D5E95BD91D07171E006C11A5 /* AudioToolbox.framework in Frameworks */,
				5D2E50662186DCD12068F4E2 /* Pods.framework in Frameworks */,
			);
			runOnlyForDeploymentPostprocessing = 0;
		};
/* End PBXFrameworksBuildPhase section */

/* Begin PBXGroup section */
		866FD9511FB609E5E0695DF8 /* Frameworks */ = {
			isa = PBXGroup;
			children = (
				D5E95BD81D07171E006C11A5 /* AudioToolbox.framework */,
				29573A95585982942F33F131 /* Pods.framework */,
			);
			name = Frameworks;
			sourceTree = "<group>";
		};
		D5162E761CF04C1A008ABE07 /* MainClass */ = {
			isa = PBXGroup;
			children = (
				D5162E781CF04C69008ABE07 /* 登录注册 */,
				D5162E7C1CF04C69008ABE07 /* 个人中心 */,
				D5162E801CF04C69008ABE07 /* 首页 */,
			);
			path = MainClass;
			sourceTree = "<group>";
		};
		D5162E771CF04C1A008ABE07 /* ThirdClass */ = {
			isa = PBXGroup;
			children = (
				D5B2CB481CF47566001B40A2 /* RSKImageController */,
				D5B2CB421CF474E8001B40A2 /* LCActionSheet */,
				D55116361CF1A92700E42429 /* TimeBtn */,
				D5162F5D1CF05AD7008ABE07 /* LCProgressHUD */,
			);
			path = ThirdClass;
			sourceTree = "<group>";
		};
		D5162E781CF04C69008ABE07 /* 登录注册 */ = {
			isa = PBXGroup;
			children = (
				D5162E791CF04C69008ABE07 /* C */,
				D5162E7A1CF04C69008ABE07 /* M */,
				D5162E7B1CF04C69008ABE07 /* V */,
			);
			path = "登录注册";
			sourceTree = "<group>";
		};
		D5162E791CF04C69008ABE07 /* C */ = {
			isa = PBXGroup;
			children = (
				D5162F5A1CF05983008ABE07 /* LoginVC.h */,
				D5162F5B1CF05983008ABE07 /* LoginVC.m */,
				D551163A1CF1B4CA00E42429 /* ForgetPasswordVC.h */,
				D551163B1CF1B4CA00E42429 /* ForgetPasswordVC.m */,
			);
			path = C;
			sourceTree = "<group>";
		};
		D5162E7A1CF04C69008ABE07 /* M */ = {
			isa = PBXGroup;
			children = (
			);
			path = M;
			sourceTree = "<group>";
		};
		D5162E7B1CF04C69008ABE07 /* V */ = {
			isa = PBXGroup;
			children = (
			);
			path = V;
			sourceTree = "<group>";
		};
		D5162E7C1CF04C69008ABE07 /* 个人中心 */ = {
			isa = PBXGroup;
			children = (
				D5162E7D1CF04C69008ABE07 /* C */,
				D5162E7E1CF04C69008ABE07 /* M */,
				D5162E7F1CF04C69008ABE07 /* V */,
			);
			path = "个人中心";
			sourceTree = "<group>";
		};
		D5162E7D1CF04C69008ABE07 /* C */ = {
			isa = PBXGroup;
			children = (
				D551163D1CF1B8A400E42429 /* PersonVC.h */,
				D551163E1CF1B8A400E42429 /* PersonVC.m */,
				D55116461CF1C07B00E42429 /* ChangePasswordVC.h */,
				D55116471CF1C07B00E42429 /* ChangePasswordVC.m */,
				D55116491CF1C1A100E42429 /* AboutUsVC.h */,
				D551164A1CF1C1A100E42429 /* AboutUsVC.m */,
				D551164C1CF1C53C00E42429 /* FanKuiVC.h */,
				D551164D1CF1C53C00E42429 /* FanKuiVC.m */,
				D5B2CB361CF46E40001B40A2 /* PersonInfoVC.h */,
				D5B2CB371CF46E40001B40A2 /* PersonInfoVC.m */,
			);
			path = C;
			sourceTree = "<group>";
		};
		D5162E7E1CF04C69008ABE07 /* M */ = {
			isa = PBXGroup;
			children = (
				D56498811D04373A00D9C560 /* ModelMember.h */,
				D56498821D04373A00D9C560 /* ModelMember.m */,
			);
			path = M;
			sourceTree = "<group>";
		};
		D5162E7F1CF04C69008ABE07 /* V */ = {
			isa = PBXGroup;
			children = (
				D55116401CF1BAC900E42429 /* LogInCell.h */,
				D55116411CF1BAC900E42429 /* LogInCell.m */,
				D55116431CF1BDA900E42429 /* PersonVCCell.h */,
				D55116441CF1BDA900E42429 /* PersonVCCell.m */,
				D5B2CB391CF46FFE001B40A2 /* ChangeIconCell.h */,
				D5B2CB3A1CF46FFE001B40A2 /* ChangeIconCell.m */,
				D5B2CB3C1CF471CD001B40A2 /* PerfonInfoCell.h */,
				D5B2CB3D1CF471CD001B40A2 /* PerfonInfoCell.m */,
				D5B2CB3F1CF472E7001B40A2 /* PerfonInfoCell2.h */,
				D5B2CB401CF472E7001B40A2 /* PerfonInfoCell2.m */,
			);
			path = V;
			sourceTree = "<group>";
		};
		D5162E801CF04C69008ABE07 /* 首页 */ = {
			isa = PBXGroup;
			children = (
				D5162E811CF04C69008ABE07 /* C */,
				D5162E821CF04C69008ABE07 /* M */,
				D5162E831CF04C69008ABE07 /* V */,
			);
			path = "首页";
			sourceTree = "<group>";
		};
		D5162E811CF04C69008ABE07 /* C */ = {
			isa = PBXGroup;
			children = (
				D550BA2D1CF09D3F00D19EAD /* MainVC.h */,
				D550BA2E1CF09D3F00D19EAD /* MainVC.m */,
				D59B396C1CF6D6C5008DB8A6 /* LanInfoVC.h */,
				D59B396D1CF6D6C5008DB8A6 /* LanInfoVC.m */,
			);
			path = C;
			sourceTree = "<group>";
		};
		D5162E821CF04C69008ABE07 /* M */ = {
			isa = PBXGroup;
			children = (
				D5E95BDB1D07176A006C11A5 /* SerialGATT.h */,
				D5E95BDA1D07176A006C11A5 /* SerialGATT.m */,
				D56498931D04653500D9C560 /* ModelHospital.h */,
				D56498941D04653500D9C560 /* ModelHospital.m */,
				D56498961D04687400D9C560 /* ModelNurse.h */,
				D56498971D04687400D9C560 /* ModelNurse.m */,
				D56498991D04692600D9C560 /* ModelDevice.h */,
				D564989A1D04692600D9C560 /* ModelDevice.m */,
				D564989C1D046D7500D9C560 /* ModelDeviceAndNurse.h */,
				D564989D1D046D7500D9C560 /* ModelDeviceAndNurse.m */,
				D564989F1D046E8F00D9C560 /* ModelDeviceListChild.h */,
				D56498A01D046E8F00D9C560 /* ModelDeviceListChild.m */,
			);
			path = M;
			sourceTree = "<group>";
		};
		D5162E831CF04C69008ABE07 /* V */ = {
			isa = PBXGroup;
			children = (
				D550BA301CF0A5AB00D19EAD /* MainVCCell.h */,
				D550BA311CF0A5AB00D19EAD /* MainVCCell.m */,
				D59B396F1CF6D7A6008DB8A6 /* LanInfoCell1.h */,
				D59B39701CF6D7A6008DB8A6 /* LanInfoCell1.m */,
				D59B39721CF6D7B4008DB8A6 /* LanInfoCell2.h */,
				D59B39731CF6D7B4008DB8A6 /* LanInfoCell2.m */,
				D59B39751CF6D7C0008DB8A6 /* LanInfoCell3.h */,
				D59B39761CF6D7C0008DB8A6 /* LanInfoCell3.m */,
			);
			path = V;
			sourceTree = "<group>";
		};
		D5162E841CF04CC2008ABE07 /* Utils */ = {
			isa = PBXGroup;
			children = (
				D5162E851CF04CC2008ABE07 /* Category */,
				D5162E901CF04CC2008ABE07 /* Common */,
				D5162E9D1CF04CC2008ABE07 /* GloabalDefines */,
				D5162EA11CF04CC2008ABE07 /* Tool */,
			);
			name = Utils;
			path = ../Utils;
			sourceTree = "<group>";
		};
		D5162E851CF04CC2008ABE07 /* Category */ = {
			isa = PBXGroup;
			children = (
				D56498841D04592E00D9C560 /* NSString+LQCategory.h */,
				D56498851D04592E00D9C560 /* NSString+LQCategory.m */,
				D5162F461CF05764008ABE07 /* UIImage+Scale.h */,
				D5162F471CF05764008ABE07 /* UIImage+Scale.m */,
				D5162F481CF05764008ABE07 /* UIView+Extension.h */,
				D5162F491CF05764008ABE07 /* UIView+Extension.m */,
				D5162F4A1CF05764008ABE07 /* UIAlertView+LQAlertView.h */,
				D5162F4B1CF05764008ABE07 /* UIAlertView+LQAlertView.m */,
				D5162F4C1CF05764008ABE07 /* UIButton+LQCategory.h */,
				D5162F4D1CF05764008ABE07 /* UIButton+LQCategory.m */,
				D5162F4E1CF05764008ABE07 /* NSDate+LQCategory.h */,
				D5162F4F1CF05764008ABE07 /* NSDate+LQCategory.m */,
				D5E95BE91D07F491006C11A5 /* NSData+LQCategory.h */,
				D5E95BEA1D07F491006C11A5 /* NSData+LQCategory.m */,
			);
			path = Category;
			sourceTree = "<group>";
		};
		D5162E901CF04CC2008ABE07 /* Common */ = {
			isa = PBXGroup;
			children = (
				D5162E911CF04CC2008ABE07 /* Enum.h */,
				D5162E921CF04CC2008ABE07 /* Enum.m */,
				D5162E971CF04CC2008ABE07 /* LQHTTPSessionManager.h */,
				D5162E981CF04CC2008ABE07 /* LQHTTPSessionManager.m */,
				D5162E991CF04CC2008ABE07 /* MD5Str.h */,
				D5162E9A1CF04CC2008ABE07 /* MD5Str.m */,
				D5162E9B1CF04CC2008ABE07 /* UtilString.h */,
				D5162E9C1CF04CC2008ABE07 /* UtilString.m */,
			);
			path = Common;
			sourceTree = "<group>";
		};
		D5162E9D1CF04CC2008ABE07 /* GloabalDefines */ = {
			isa = PBXGroup;
			children = (
				D5162E9E1CF04CC2008ABE07 /* Config.h */,
				D5162E9F1CF04CC2008ABE07 /* ConstantLogger.h */,
				D5162EA01CF04CC2008ABE07 /* GloabalDefines.h */,
			);
			path = GloabalDefines;
			sourceTree = "<group>";
		};
		D5162EA11CF04CC2008ABE07 /* Tool */ = {
			isa = PBXGroup;
			children = (
				D564987E1D04369700D9C560 /* ZPEncrypt.h */,
				D564987F1D04369700D9C560 /* ZPEncrypt.m */,
			);
			path = Tool;
			sourceTree = "<group>";
		};
		D5162EC21CF051E9008ABE07 /* BaseClasses */ = {
			isa = PBXGroup;
			children = (
				D5162E841CF04CC2008ABE07 /* Utils */,
				D5162EC31CF051E9008ABE07 /* BaseController */,
				D5162ECC1CF051E9008ABE07 /* BaseModel */,
				D5162ED11CF051E9008ABE07 /* BaseView */,
			);
			path = BaseClasses;
			sourceTree = "<group>";
		};
		D5162EC31CF051E9008ABE07 /* BaseController */ = {
			isa = PBXGroup;
			children = (
				D5162EC41CF051E9008ABE07 /* BaseNavigationController.h */,
				D5162EC51CF051E9008ABE07 /* BaseNavigationController.m */,
				D5162EC61CF051E9008ABE07 /* BaseTableViewController.h */,
				D5162EC71CF051E9008ABE07 /* BaseTableViewController.m */,
				D5162EC81CF051E9008ABE07 /* ChildBaseViewController.h */,
				D5162EC91CF051E9008ABE07 /* ChildBaseViewController.m */,
				D5162ECA1CF051E9008ABE07 /* MainBaseViewController.h */,
				D5162ECB1CF051E9008ABE07 /* MainBaseViewController.m */,
			);
			path = BaseController;
			sourceTree = "<group>";
		};
		D5162ECC1CF051E9008ABE07 /* BaseModel */ = {
			isa = PBXGroup;
			children = (
				D564987B1D04362000D9C560 /* BaseVM.h */,
				D564987C1D04362000D9C560 /* BaseVM.m */,
				D5162ECD1CF051E9008ABE07 /* BaseModel.h */,
				D5162ECE1CF051E9008ABE07 /* BaseModel.m */,
				D5162ECF1CF051E9008ABE07 /* ModelFieldError.h */,
				D5162ED01CF051E9008ABE07 /* ModelFieldError.m */,
			);
			path = BaseModel;
			sourceTree = "<group>";
		};
		D5162ED11CF051E9008ABE07 /* BaseView */ = {
			isa = PBXGroup;
			children = (
				D5162ED21CF051E9008ABE07 /* BaseTableViewCell.h */,
				D5162ED31CF051E9008ABE07 /* BaseTableViewCell.m */,
				D5162ED41CF051E9008ABE07 /* BaseView.h */,
				D5162ED51CF051E9008ABE07 /* BaseView.m */,
			);
			path = BaseView;
			sourceTree = "<group>";
		};
		D5162F5D1CF05AD7008ABE07 /* LCProgressHUD */ = {
			isa = PBXGroup;
			children = (
				D564988D1D0461AA00D9C560 /* LCProgressHUD.h */,
				D564988E1D0461AA00D9C560 /* LCProgressHUD.m */,
				D5162F5E1CF05AD7008ABE07 /* LCProgressHUD.bundle */,
			);
			path = LCProgressHUD;
			sourceTree = "<group>";
		};
		D55116361CF1A92700E42429 /* TimeBtn */ = {
			isa = PBXGroup;
			children = (
				D55116371CF1A93000E42429 /* JXTimeButton.h */,
				D55116381CF1A93000E42429 /* JXTimeButton.m */,
			);
			path = TimeBtn;
			sourceTree = "<group>";
		};
		D597AA131CEDF85E00965D8C = {
			isa = PBXGroup;
			children = (
				D597AA1E1CEDF85E00965D8C /* 蓝牙机器人 */,
				D597AA1D1CEDF85E00965D8C /* Products */,
				F441D56564E48127FB0E4D2A /* Pods */,
				866FD9511FB609E5E0695DF8 /* Frameworks */,
			);
			sourceTree = "<group>";
		};
		D597AA1D1CEDF85E00965D8C /* Products */ = {
			isa = PBXGroup;
			children = (
				D597AA1C1CEDF85E00965D8C /* 蓝牙机器人.app */,
			);
			name = Products;
			sourceTree = "<group>";
		};
		D597AA1E1CEDF85E00965D8C /* 蓝牙机器人 */ = {
			isa = PBXGroup;
			children = (
				D5162EC21CF051E9008ABE07 /* BaseClasses */,
				D5162E761CF04C1A008ABE07 /* MainClass */,
				D5162E771CF04C1A008ABE07 /* ThirdClass */,
				D597AA221CEDF85E00965D8C /* AppDelegate.h */,
				D597AA231CEDF85E00965D8C /* AppDelegate.m */,
				D5162EDE1CF05211008ABE07 /* PrefixHeader.pch */,
				D597AA281CEDF85E00965D8C /* Main.storyboard */,
				D597AA2E1CEDF85E00965D8C /* Assets.xcassets */,
				D597AA301CEDF85E00965D8C /* LaunchScreen.storyboard */,
				D597AA331CEDF85E00965D8C /* Info.plist */,
				D597AA2B1CEDF85E00965D8C /* _____.xcdatamodeld */,
				D597AA1F1CEDF85E00965D8C /* Supporting Files */,
			);
			path = "蓝牙机器人";
			sourceTree = "<group>";
		};
		D597AA1F1CEDF85E00965D8C /* Supporting Files */ = {
			isa = PBXGroup;
			children = (
				D597AA201CEDF85E00965D8C /* main.m */,
			);
			name = "Supporting Files";
			sourceTree = "<group>";
		};
		D5B2CB421CF474E8001B40A2 /* LCActionSheet */ = {
			isa = PBXGroup;
			children = (
				D564988A1D04619F00D9C560 /* LCActionSheet.h */,
				D564988B1D04619F00D9C560 /* LCActionSheet.m */,
				D5B2CB431CF474E8001B40A2 /* LCActionSheet.bundle */,
			);
			path = LCActionSheet;
			sourceTree = "<group>";
		};
		D5B2CB481CF47566001B40A2 /* RSKImageController */ = {
			isa = PBXGroup;
			children = (
				D5B2CB491CF47566001B40A2 /* CGGeometry+RSKImageCropper.h */,
				D5B2CB4A1CF47566001B40A2 /* CGGeometry+RSKImageCropper.m */,
				D5B2CB4B1CF47566001B40A2 /* RSKImageCropper.h */,
				D5B2CB4C1CF47566001B40A2 /* RSKImageCropViewController+Protected.h */,
				D5B2CB4D1CF47566001B40A2 /* RSKImageCropViewController.h */,
				D5B2CB4E1CF47566001B40A2 /* RSKImageCropViewController.m */,
				D5B2CB4F1CF47566001B40A2 /* RSKImageScrollView.h */,
				D5B2CB501CF47566001B40A2 /* RSKImageScrollView.m */,
				D5B2CB511CF47566001B40A2 /* RSKTouchView.h */,
				D5B2CB521CF47566001B40A2 /* RSKTouchView.m */,
				D5B2CB531CF47566001B40A2 /* UIApplication+RSKImageCropper.h */,
				D5B2CB541CF47566001B40A2 /* UIApplication+RSKImageCropper.m */,
				D5B2CB551CF47566001B40A2 /* UIImage+RSKImageCropper.h */,
				D5B2CB561CF47566001B40A2 /* UIImage+RSKImageCropper.m */,
			);
			path = RSKImageController;
			sourceTree = "<group>";
		};
		F441D56564E48127FB0E4D2A /* Pods */ = {
			isa = PBXGroup;
			children = (
				F9E4718A0D905EA22137546C /* Pods.debug.xcconfig */,
				118BF797FC4BA89DC0E58136 /* Pods.release.xcconfig */,
			);
			name = Pods;
			sourceTree = "<group>";
		};
/* End PBXGroup section */

/* Begin PBXNativeTarget section */
		D597AA1B1CEDF85E00965D8C /* 蓝牙机器人 */ = {
			isa = PBXNativeTarget;
			buildConfigurationList = D597AA361CEDF85E00965D8C /* Build configuration list for PBXNativeTarget "蓝牙机器人" */;
			buildPhases = (
				3AF17F26938C3F5182295886 /* Check Pods Manifest.lock */,
				D597AA181CEDF85E00965D8C /* Sources */,
				D597AA1A1CEDF85E00965D8C /* Resources */,
				D597AA191CEDF85E00965D8C /* Frameworks */,
				1C01C7D774B878FDD61126A0 /* Embed Pods Frameworks */,
				D9B0161DC1B2B21855206199 /* Copy Pods Resources */,
			);
			buildRules = (
			);
			dependencies = (
			);
			name = "蓝牙机器人";
			productName = "蓝牙机器人";
			productReference = D597AA1C1CEDF85E00965D8C /* 蓝牙机器人.app */;
			productType = "com.apple.product-type.application";
		};
/* End PBXNativeTarget section */

/* Begin PBXProject section */
		D597AA141CEDF85E00965D8C /* Project object */ = {
			isa = PBXProject;
			attributes = {
				LastUpgradeCheck = 0730;
				ORGANIZATIONNAME = LiQiang;
				TargetAttributes = {
					D597AA1B1CEDF85E00965D8C = {
						CreatedOnToolsVersion = 7.3.1;
						DevelopmentTeam = Q7ESURK89L;
					};
				};
			};
			buildConfigurationList = D597AA171CEDF85E00965D8C /* Build configuration list for PBXProject "蓝牙机器人" */;
			compatibilityVersion = "Xcode 3.2";
			developmentRegion = English;
			hasScannedForEncodings = 0;
			knownRegions = (
				en,
				Base,
			);
			mainGroup = D597AA131CEDF85E00965D8C;
			productRefGroup = D597AA1D1CEDF85E00965D8C /* Products */;
			projectDirPath = "";
			projectRoot = "";
			targets = (
				D597AA1B1CEDF85E00965D8C /* 蓝牙机器人 */,
			);
		};
/* End PBXProject section */

/* Begin PBXResourcesBuildPhase section */
		D597AA1A1CEDF85E00965D8C /* Resources */ = {
			isa = PBXResourcesBuildPhase;
			buildActionMask = 2147483647;
			files = (
				D597AA321CEDF85E00965D8C /* LaunchScreen.storyboard in Resources */,
				D5162F611CF05AD7008ABE07 /* LCProgressHUD.bundle in Resources */,
				D597AA2F1CEDF85E00965D8C /* Assets.xcassets in Resources */,
				D597AA2A1CEDF85E00965D8C /* Main.storyboard in Resources */,
				D5B2CB461CF474E8001B40A2 /* LCActionSheet.bundle in Resources */,
			);
			runOnlyForDeploymentPostprocessing = 0;
		};
/* End PBXResourcesBuildPhase section */

/* Begin PBXShellScriptBuildPhase section */
		1C01C7D774B878FDD61126A0 /* Embed Pods Frameworks */ = {
			isa = PBXShellScriptBuildPhase;
			buildActionMask = 2147483647;
			files = (
			);
			inputPaths = (
			);
			name = "Embed Pods Frameworks";
			outputPaths = (
			);
			runOnlyForDeploymentPostprocessing = 0;
			shellPath = /bin/sh;
			shellScript = "\"${SRCROOT}/Pods/Target Support Files/Pods/Pods-frameworks.sh\"\n";
			showEnvVarsInLog = 0;
		};
		3AF17F26938C3F5182295886 /* Check Pods Manifest.lock */ = {
			isa = PBXShellScriptBuildPhase;
			buildActionMask = 2147483647;
			files = (
			);
			inputPaths = (
			);
			name = "Check Pods Manifest.lock";
			outputPaths = (
			);
			runOnlyForDeploymentPostprocessing = 0;
			shellPath = /bin/sh;
			shellScript = "diff \"${PODS_ROOT}/../Podfile.lock\" \"${PODS_ROOT}/Manifest.lock\" > /dev/null\nif [[ $? != 0 ]] ; then\n    cat << EOM\nerror: The sandbox is not in sync with the Podfile.lock. Run 'pod install' or update your CocoaPods installation.\nEOM\n    exit 1\nfi\n";
			showEnvVarsInLog = 0;
		};
		D9B0161DC1B2B21855206199 /* Copy Pods Resources */ = {
			isa = PBXShellScriptBuildPhase;
			buildActionMask = 2147483647;
			files = (
			);
			inputPaths = (
			);
			name = "Copy Pods Resources";
			outputPaths = (
			);
			runOnlyForDeploymentPostprocessing = 0;
			shellPath = /bin/sh;
			shellScript = "\"${SRCROOT}/Pods/Target Support Files/Pods/Pods-resources.sh\"\n";
			showEnvVarsInLog = 0;
		};
/* End PBXShellScriptBuildPhase section */

/* Begin PBXSourcesBuildPhase section */
		D597AA181CEDF85E00965D8C /* Sources */ = {
			isa = PBXSourcesBuildPhase;
			buildActionMask = 2147483647;
			files = (
				D5162EDB1CF051E9008ABE07 /* ModelFieldError.m in Sources */,
				D59B39711CF6D7A6008DB8A6 /* LanInfoCell1.m in Sources */,
				D56498831D04373A00D9C560 /* ModelMember.m in Sources */,
				D56498951D04653500D9C560 /* ModelHospital.m in Sources */,
				D55116451CF1BDA900E42429 /* PersonVCCell.m in Sources */,
				D55116481CF1C07B00E42429 /* ChangePasswordVC.m in Sources */,
				D564988F1D0461AA00D9C560 /* LCProgressHUD.m in Sources */,
				D5E95BDC1D07176A006C11A5 /* SerialGATT.m in Sources */,
				D5E95BEB1D07F491006C11A5 /* NSData+LQCategory.m in Sources */,
				D597AA2D1CEDF85E00965D8C /* _____.xcdatamodeld in Sources */,
				D597AA241CEDF85E00965D8C /* AppDelegate.m in Sources */,
				D5162EAD1CF04CC2008ABE07 /* Enum.m in Sources */,
				D5162ED81CF051E9008ABE07 /* ChildBaseViewController.m in Sources */,
				D56498981D04687400D9C560 /* ModelNurse.m in Sources */,
				D55116391CF1A93000E42429 /* JXTimeButton.m in Sources */,
				D551163F1CF1B8A400E42429 /* PersonVC.m in Sources */,
				D5B2CB571CF47566001B40A2 /* CGGeometry+RSKImageCropper.m in Sources */,
				D59B39771CF6D7C0008DB8A6 /* LanInfoCell3.m in Sources */,
				D5B2CB381CF46E40001B40A2 /* PersonInfoVC.m in Sources */,
				D5162F541CF05764008ABE07 /* NSDate+LQCategory.m in Sources */,
				D56498A11D046E8F00D9C560 /* ModelDeviceListChild.m in Sources */,
				D564989E1D046D7500D9C560 /* ModelDeviceAndNurse.m in Sources */,
				D5162EDC1CF051E9008ABE07 /* BaseTableViewCell.m in Sources */,
				D5162ED91CF051E9008ABE07 /* MainBaseViewController.m in Sources */,
				D564987D1D04362000D9C560 /* BaseVM.m in Sources */,
				D5162EB11CF04CC2008ABE07 /* MD5Str.m in Sources */,
				D5B2CB5C1CF47566001B40A2 /* UIImage+RSKImageCropper.m in Sources */,
				D5162ED61CF051E9008ABE07 /* BaseNavigationController.m in Sources */,
				D59B39741CF6D7B4008DB8A6 /* LanInfoCell2.m in Sources */,
				D5162F531CF05764008ABE07 /* UIButton+LQCategory.m in Sources */,
				D5162F511CF05764008ABE07 /* UIView+Extension.m in Sources */,
				D56498861D04592E00D9C560 /* NSString+LQCategory.m in Sources */,
				D5B2CB591CF47566001B40A2 /* RSKImageScrollView.m in Sources */,
				D550BA321CF0A5AB00D19EAD /* MainVCCell.m in Sources */,
				D5162EB21CF04CC2008ABE07 /* UtilString.m in Sources */,
				D564988C1D04619F00D9C560 /* LCActionSheet.m in Sources */,
				D5162F5C1CF05983008ABE07 /* LoginVC.m in Sources */,
				D5162EDD1CF051E9008ABE07 /* BaseView.m in Sources */,
				D551163C1CF1B4CA00E42429 /* ForgetPasswordVC.m in Sources */,
				D5B2CB5A1CF47566001B40A2 /* RSKTouchView.m in Sources */,
				D551164B1CF1C1A100E42429 /* AboutUsVC.m in Sources */,
				D5B2CB411CF472E7001B40A2 /* PerfonInfoCell2.m in Sources */,
				D597AA211CEDF85E00965D8C /* main.m in Sources */,
				D5162ED71CF051E9008ABE07 /* BaseTableViewController.m in Sources */,
				D5B2CB3B1CF46FFE001B40A2 /* ChangeIconCell.m in Sources */,
				D564989B1D04692600D9C560 /* ModelDevice.m in Sources */,
				D5162EDA1CF051E9008ABE07 /* BaseModel.m in Sources */,
				D5162F521CF05764008ABE07 /* UIAlertView+LQAlertView.m in Sources */,
				D550BA2F1CF09D3F00D19EAD /* MainVC.m in Sources */,
				D5B2CB581CF47566001B40A2 /* RSKImageCropViewController.m in Sources */,
				D551164E1CF1C53C00E42429 /* FanKuiVC.m in Sources */,
				D5B2CB3E1CF471CD001B40A2 /* PerfonInfoCell.m in Sources */,
				D5162EB01CF04CC2008ABE07 /* LQHTTPSessionManager.m in Sources */,
				D5B2CB5B1CF47566001B40A2 /* UIApplication+RSKImageCropper.m in Sources */,
				D5162F501CF05764008ABE07 /* UIImage+Scale.m in Sources */,
				D56498801D04369700D9C560 /* ZPEncrypt.m in Sources */,
				D59B396E1CF6D6C5008DB8A6 /* LanInfoVC.m in Sources */,
				D55116421CF1BAC900E42429 /* LogInCell.m in Sources */,
			);
			runOnlyForDeploymentPostprocessing = 0;
		};
/* End PBXSourcesBuildPhase section */

/* Begin PBXVariantGroup section */
		D597AA281CEDF85E00965D8C /* Main.storyboard */ = {
			isa = PBXVariantGroup;
			children = (
				D597AA291CEDF85E00965D8C /* Base */,
			);
			name = Main.storyboard;
			sourceTree = "<group>";
		};
		D597AA301CEDF85E00965D8C /* LaunchScreen.storyboard */ = {
			isa = PBXVariantGroup;
			children = (
				D597AA311CEDF85E00965D8C /* Base */,
			);
			name = LaunchScreen.storyboard;
			sourceTree = "<group>";
		};
/* End PBXVariantGroup section */

/* Begin XCBuildConfiguration section */
		D597AA341CEDF85E00965D8C /* Debug */ = {
			isa = XCBuildConfiguration;
			buildSettings = {
				ALWAYS_SEARCH_USER_PATHS = NO;
				CLANG_ANALYZER_NONNULL = YES;
				CLANG_CXX_LANGUAGE_STANDARD = "gnu++0x";
				CLANG_CXX_LIBRARY = "libc++";
				CLANG_ENABLE_MODULES = YES;
				CLANG_ENABLE_OBJC_ARC = YES;
				CLANG_WARN_BOOL_CONVERSION = YES;
				CLANG_WARN_CONSTANT_CONVERSION = YES;
				CLANG_WARN_DIRECT_OBJC_ISA_USAGE = YES_ERROR;
				CLANG_WARN_EMPTY_BODY = YES;
				CLANG_WARN_ENUM_CONVERSION = YES;
				CLANG_WARN_INT_CONVERSION = YES;
				CLANG_WARN_OBJC_ROOT_CLASS = YES_ERROR;
				CLANG_WARN_UNREACHABLE_CODE = YES;
				CLANG_WARN__DUPLICATE_METHOD_MATCH = YES;
				CODE_SIGN_IDENTITY = "iPhone Distribution: WuXi Baichun Tec. Co. LTD";
				"CODE_SIGN_IDENTITY[sdk=iphoneos*]" = "iPhone Distribution: WuXi Baichun Tec. Co. LTD";
				COPY_PHASE_STRIP = NO;
				DEBUG_INFORMATION_FORMAT = dwarf;
				ENABLE_STRICT_OBJC_MSGSEND = YES;
				ENABLE_TESTABILITY = YES;
				GCC_C_LANGUAGE_STANDARD = gnu99;
				GCC_DYNAMIC_NO_PIC = NO;
				GCC_NO_COMMON_BLOCKS = YES;
				GCC_OPTIMIZATION_LEVEL = 0;
				GCC_PREPROCESSOR_DEFINITIONS = (
					"DEBUG=1",
					"$(inherited)",
				);
				GCC_WARN_64_TO_32_BIT_CONVERSION = YES;
				GCC_WARN_ABOUT_RETURN_TYPE = YES_ERROR;
				GCC_WARN_UNDECLARED_SELECTOR = YES;
				GCC_WARN_UNINITIALIZED_AUTOS = YES_AGGRESSIVE;
				GCC_WARN_UNUSED_FUNCTION = YES;
				GCC_WARN_UNUSED_VARIABLE = YES;
				IPHONEOS_DEPLOYMENT_TARGET = 9.3;
				MTL_ENABLE_DEBUG_INFO = YES;
				ONLY_ACTIVE_ARCH = YES;
				PROVISIONING_PROFILE = "544e0b60-18c0-44f9-93fd-de53ca93966a";
				SDKROOT = iphoneos;
				TARGETED_DEVICE_FAMILY = "1,2";
			};
			name = Debug;
		};
		D597AA351CEDF85E00965D8C /* Release */ = {
			isa = XCBuildConfiguration;
			buildSettings = {
				ALWAYS_SEARCH_USER_PATHS = NO;
				CLANG_ANALYZER_NONNULL = YES;
				CLANG_CXX_LANGUAGE_STANDARD = "gnu++0x";
				CLANG_CXX_LIBRARY = "libc++";
				CLANG_ENABLE_MODULES = YES;
				CLANG_ENABLE_OBJC_ARC = YES;
				CLANG_WARN_BOOL_CONVERSION = YES;
				CLANG_WARN_CONSTANT_CONVERSION = YES;
				CLANG_WARN_DIRECT_OBJC_ISA_USAGE = YES_ERROR;
				CLANG_WARN_EMPTY_BODY = YES;
				CLANG_WARN_ENUM_CONVERSION = YES;
				CLANG_WARN_INT_CONVERSION = YES;
				CLANG_WARN_OBJC_ROOT_CLASS = YES_ERROR;
				CLANG_WARN_UNREACHABLE_CODE = YES;
				CLANG_WARN__DUPLICATE_METHOD_MATCH = YES;
				CODE_SIGN_IDENTITY = "iPhone Distribution: WuXi Baichun Tec. Co. LTD";
				"CODE_SIGN_IDENTITY[sdk=iphoneos*]" = "iPhone Distribution: WuXi Baichun Tec. Co. LTD";
				COPY_PHASE_STRIP = NO;
				DEBUG_INFORMATION_FORMAT = "dwarf-with-dsym";
				ENABLE_NS_ASSERTIONS = NO;
				ENABLE_STRICT_OBJC_MSGSEND = YES;
				GCC_C_LANGUAGE_STANDARD = gnu99;
				GCC_NO_COMMON_BLOCKS = YES;
				GCC_WARN_64_TO_32_BIT_CONVERSION = YES;
				GCC_WARN_ABOUT_RETURN_TYPE = YES_ERROR;
				GCC_WARN_UNDECLARED_SELECTOR = YES;
				GCC_WARN_UNINITIALIZED_AUTOS = YES_AGGRESSIVE;
				GCC_WARN_UNUSED_FUNCTION = YES;
				GCC_WARN_UNUSED_VARIABLE = YES;
				IPHONEOS_DEPLOYMENT_TARGET = 9.3;
				MTL_ENABLE_DEBUG_INFO = NO;
				PROVISIONING_PROFILE = "544e0b60-18c0-44f9-93fd-de53ca93966a";
				SDKROOT = iphoneos;
				TARGETED_DEVICE_FAMILY = "1,2";
				VALIDATE_PRODUCT = YES;
			};
			name = Release;
		};
		D597AA371CEDF85E00965D8C /* Debug */ = {
			isa = XCBuildConfiguration;
			baseConfigurationReference = F9E4718A0D905EA22137546C /* Pods.debug.xcconfig */;
			buildSettings = {
				ASSETCATALOG_COMPILER_APPICON_NAME = AppIcon;
				ASSETCATALOG_COMPILER_LAUNCHIMAGE_NAME = "Brand Assets";
				CODE_SIGN_IDENTITY = "iPhone Distribution: WuXi Baichun Tec. Co. LTD";
				"CODE_SIGN_IDENTITY[sdk=iphoneos*]" = "iPhone Distribution: WuXi Baichun Tec. Co. LTD";
				GCC_PREFIX_HEADER = "/Users/liqiang/Documents/文件/我的项目/蓝牙机器人/蓝牙机器人/蓝牙机器人/PrefixHeader.pch";
				INFOPLIST_FILE = "蓝牙机器人/Info.plist";
				IPHONEOS_DEPLOYMENT_TARGET = 8.0;
				LD_RUNPATH_SEARCH_PATHS = "$(inherited) @executable_path/Frameworks";
				PRODUCT_BUNDLE_IDENTIFIER = com.baichun.enterP.WaterMan;
				PRODUCT_NAME = "$(TARGET_NAME)";
				PROVISIONING_PROFILE = "544e0b60-18c0-44f9-93fd-de53ca93966a";
			};
			name = Debug;
		};
		D597AA381CEDF85E00965D8C /* Release */ = {
			isa = XCBuildConfiguration;
			baseConfigurationReference = 118BF797FC4BA89DC0E58136 /* Pods.release.xcconfig */;
			buildSettings = {
				ASSETCATALOG_COMPILER_APPICON_NAME = AppIcon;
				ASSETCATALOG_COMPILER_LAUNCHIMAGE_NAME = "Brand Assets";
				CODE_SIGN_IDENTITY = "iPhone Distribution: WuXi Baichun Tec. Co. LTD";
				"CODE_SIGN_IDENTITY[sdk=iphoneos*]" = "iPhone Distribution: WuXi Baichun Tec. Co. LTD";
				GCC_PREFIX_HEADER = "/Users/liqiang/Documents/文件/我的项目/蓝牙机器人/蓝牙机器人/蓝牙机器人/PrefixHeader.pch";
				INFOPLIST_FILE = "蓝牙机器人/Info.plist";
				IPHONEOS_DEPLOYMENT_TARGET = 8.0;
				LD_RUNPATH_SEARCH_PATHS = "$(inherited) @executable_path/Frameworks";
				PRODUCT_BUNDLE_IDENTIFIER = com.baichun.enterP.WaterMan;
				PRODUCT_NAME = "$(TARGET_NAME)";
				PROVISIONING_PROFILE = "544e0b60-18c0-44f9-93fd-de53ca93966a";
			};
			name = Release;
		};
/* End XCBuildConfiguration section */

/* Begin XCConfigurationList section */
		D597AA171CEDF85E00965D8C /* Build configuration list for PBXProject "蓝牙机器人" */ = {
			isa = XCConfigurationList;
			buildConfigurations = (
				D597AA341CEDF85E00965D8C /* Debug */,
				D597AA351CEDF85E00965D8C /* Release */,
			);
			defaultConfigurationIsVisible = 0;
			defaultConfigurationName = Release;
		};
		D597AA361CEDF85E00965D8C /* Build configuration list for PBXNativeTarget "蓝牙机器人" */ = {
			isa = XCConfigurationList;
			buildConfigurations = (
				D597AA371CEDF85E00965D8C /* Debug */,
				D597AA381CEDF85E00965D8C /* Release */,
			);
			defaultConfigurationIsVisible = 0;
			defaultConfigurationName = Release;
		};
/* End XCConfigurationList section */

/* Begin XCVersionGroup section */
		D597AA2B1CEDF85E00965D8C /* _____.xcdatamodeld */ = {
			isa = XCVersionGroup;
			children = (
				D597AA2C1CEDF85E00965D8C /* _____.xcdatamodel */,
			);
			currentVersion = D597AA2C1CEDF85E00965D8C /* _____.xcdatamodel */;
			path = "_____.xcdatamodeld";
			sourceTree = "<group>";
			versionGroupType = wrapper.xcdatamodel;
		};
/* End XCVersionGroup section */
	};
	rootObject = D597AA141CEDF85E00965D8C /* Project object */;
}
